
Microsoft Visual Studio Solution File, Format Version 12.00
# Visual Studio 15
VisualStudioVersion = 15.0.27428.2037
MinimumVisualStudioVersion = 10.0.40219.1
Project("{FAE04EC0-301F-11D3-BF4B-00C04F79EFBC}") = "WindowsFormsApp1", "WindowsFormsApp1\WindowsFormsApp1.csproj", "{061CE64B-9DAF-4C3F-B827-FFAD92A45B1C}"
EndProject
Project("{FAE04EC0-301F-11D3-BF4B-00C04F79EFBC}") = "WindowsFormsApp2", "WindowsFormsApp2\WindowsFormsApp2.csproj", "{A1F3228E-55B5-4FB5-AD5E-2661EECF9616}"
EndProject
Project("{FAE04EC0-301F-11D3-BF4B-00C04F79EFBC}") = "MVP", "MVP\MVP.csproj", "{8325CB85-68DA-44D1-B127-392CCFEF4AF9}"
EndProject
Project("{FAE04EC0-301F-11D3-BF4B-00C04F79EFBC}") = "Report", "Report\Report.csproj", "{5D87AACD-AC9A-44B9-9C95-1AB344CD29FE}"
EndProject
Project("{FAE04EC0-301F-11D3-BF4B-00C04F79EFBC}") = "线程池", "ConsoleApp1\线程池.csproj", "{D2124580-B8F6-477A-96B8-3989E3762480}"
EndProject
Project("{FAE04EC0-301F-11D3-BF4B-00C04F79EFBC}") = "Observer", "ConsoleApp2\Observer.csproj", "{0B5DC523-0D47-49CB-A5B8-A1C58146F9F6}"
EndProject
Project("{FAE04EC0-301F-11D3-BF4B-00C04F79EFBC}") = "delegate", "ConsoleApp3\delegate.csproj", "{5BD3F64A-443B-4D03-A681-9A204997A0D5}"
EndProject
Project("{FAE04EC0-301F-11D3-BF4B-00C04F79EFBC}") = "Observer1", "ConsoleApp4\Observer1.csproj", "{44D7DDCD-52C6-43C1-8332-8842FBB2B5D9}"
EndProject
Project("{FAE04EC0-301F-11D3-BF4B-00C04F79EFBC}") = "ObserverDelegate", "ObserverDelegate\ObserverDelegate.csproj", "{F8DAD898-15F8-443D-AC7E-93EC24EA67DB}"
EndProject
Project("{FAE04EC0-301F-11D3-BF4B-00C04F79EFBC}") = "Singleton", "Singleton\Singleton.csproj", "{F33FF4D4-917A-4849-9324-C83BF9D23752}"
EndProject
Project("{FAE04EC0-301F-11D3-BF4B-00C04F79EFBC}") = "InvokeTest", "InvokeTest\InvokeTest.csproj", "{35014C5D-63BB-49A6-8608-DB05774593F7}"
EndProject
Project("{FAE04EC0-301F-11D3-BF4B-00C04F79EFBC}") = "RefOut", "RefOut\RefOut.csproj", "{EA6C7F20-E854-4BFE-AE5A-F7036CD49B4F}"
EndProject
Project("{9A19103F-16F7-4668-BE54-9A1E7A4F7556}") = "AttributeTest", "AttributeTest\AttributeTest.csproj", "{CB0DA9CB-DD00-4A30-A9AB-D4376F26F187}"
EndProject
Project("{FAE04EC0-301F-11D3-BF4B-00C04F79EFBC}") = "yibu", "yibu\yibu.csproj", "{FF7A2381-482E-4C37-8D65-7D2EFF953106}"
EndProject
Project("{FAE04EC0-301F-11D3-BF4B-00C04F79EFBC}") = "socketExample", "socketExample\socketExample.csproj", "{914A2294-8ACF-4785-AC33-1A79ED032A38}"
EndProject
Project("{FAE04EC0-301F-11D3-BF4B-00C04F79EFBC}") = "delegateUI", "delegateUI\delegateUI.csproj", "{5846305E-2EE8-48CD-8C41-CE48967B4FC6}"
EndProject
Project("{FAE04EC0-301F-11D3-BF4B-00C04F79EFBC}") = "RedisTest", "RedisTest\RedisTest.csproj", "{76AE6804-D984-4B59-BC85-3610A3C1512B}"
EndProject
Project("{FAE04EC0-301F-11D3-BF4B-00C04F79EFBC}") = "ListClear", "ListClear\ListClear.csproj", "{6069EFCC-DE41-4EA3-B080-20A5C039EF3B}"
EndProject
Project("{9A19103F-16F7-4668-BE54-9A1E7A4F7556}") = "RabbitMQTest", "RabbitMQTest\RabbitMQTest.csproj", "{3371D76E-0574-41B9-BE6C-7B9FE1108EEA}"
EndProject
Project("{9A19103F-16F7-4668-BE54-9A1E7A4F7556}") = "RabbitMQServer", "RabbitMQServer\RabbitMQServer.csproj", "{8FC801A6-4AFB-4D99-B21E-8A6FEF51BE93}"
EndProject
Project("{FAE04EC0-301F-11D3-BF4B-00C04F79EFBC}") = "AutoResetEventTest", "AutoResetEventTest\AutoResetEventTest.csproj", "{DD635B5F-B298-4D90-BDA7-284C99F97FEB}"
EndProject
Project("{FAE04EC0-301F-11D3-BF4B-00C04F79EFBC}") = "LockTest", "LockTest\LockTest.csproj", "{75F52DE3-0AAD-47FB-B364-36B44959273E}"
EndProject
Project("{FAE04EC0-301F-11D3-BF4B-00C04F79EFBC}") = "socketExampleTests", "socketExampleTests\socketExampleTests.csproj", "{0121DA73-0BF4-4FDA-9E78-90D0191B7204}"
EndProject
Project("{FAE04EC0-301F-11D3-BF4B-00C04F79EFBC}") = "StructTest", "StructTest\StructTest.csproj", "{616F5942-78E2-4E04-ABFE-E56D48C85ECF}"
EndProject
Project("{FAE04EC0-301F-11D3-BF4B-00C04F79EFBC}") = "Indexer", "Indexer\Indexer.csproj", "{65672535-77F5-4627-97EA-1B8767A191CA}"
EndProject
Project("{FAE04EC0-301F-11D3-BF4B-00C04F79EFBC}") = "EventTest", "EventTest\EventTest.csproj", "{BAF3ECAB-B871-459C-AA2F-8B5D2F28650B}"
EndProject
Project("{FAE04EC0-301F-11D3-BF4B-00C04F79EFBC}") = "CloneTest", "CloneTest\CloneTest.csproj", "{1A345D37-58CB-4C86-98AB-83B727F076F5}"
EndProject
Project("{FAE04EC0-301F-11D3-BF4B-00C04F79EFBC}") = "SafeCollection", "SafeCollection\SafeCollection.csproj", "{FBD1A77A-FC9F-4E0B-ACD5-0337BEEBC2FE}"
EndProject
Project("{FAE04EC0-301F-11D3-BF4B-00C04F79EFBC}") = "pachong", "pachong\pachong.csproj", "{42557DB4-BFC0-41AA-BBBD-7D0DBC9B7418}"
EndProject
Project("{FAE04EC0-301F-11D3-BF4B-00C04F79EFBC}") = "Thread", "Thread\Thread.csproj", "{0EAC6CA4-F3D5-4270-AC51-29ED2A239323}"
EndProject
Project("{FAE04EC0-301F-11D3-BF4B-00C04F79EFBC}") = "RedisQueue", "RedisQueue\RedisQueue.csproj", "{C2AEDFFA-1611-4980-83FE-4003E0E659AB}"
EndProject
Project("{FAE04EC0-301F-11D3-BF4B-00C04F79EFBC}") = "bingfaTest", "bingfaTest\bingfaTest.csproj", "{63CA1511-2236-4FEE-A99F-10CD18ED68F8}"
EndProject
Project("{FAE04EC0-301F-11D3-BF4B-00C04F79EFBC}") = "sync", "sync\sync.csproj", "{8CD043A5-6D8B-4528-AA84-054620B36D5D}"
EndProject
Project("{FAE04EC0-301F-11D3-BF4B-00C04F79EFBC}") = "GDI", "GDI\GDI.csproj", "{6F265064-4A37-4F00-B260-43CEB3DAB9C2}"
EndProject
Project("{E24C65DC-7377-472B-9ABA-BC803B73C61A}") = "WebServiceTest", "WebServiceTest\", "{FD59330F-B0CC-4BD8-A0CA-C20B376969BE}"
	ProjectSection(WebsiteProperties) = preProject
		TargetFrameworkMoniker = ".NETFramework,Version%3Dv4.6.1"
		Debug.AspNetCompiler.VirtualPath = "/localhost_4488"
		Debug.AspNetCompiler.PhysicalPath = "WebServiceTest\"
		Debug.AspNetCompiler.TargetPath = "PrecompiledWeb\localhost_4488\"
		Debug.AspNetCompiler.Updateable = "true"
		Debug.AspNetCompiler.ForceOverwrite = "true"
		Debug.AspNetCompiler.FixedNames = "false"
		Debug.AspNetCompiler.Debug = "True"
		Release.AspNetCompiler.VirtualPath = "/localhost_4488"
		Release.AspNetCompiler.PhysicalPath = "WebServiceTest\"
		Release.AspNetCompiler.TargetPath = "PrecompiledWeb\localhost_4488\"
		Release.AspNetCompiler.Updateable = "true"
		Release.AspNetCompiler.ForceOverwrite = "true"
		Release.AspNetCompiler.FixedNames = "false"
		Release.AspNetCompiler.Debug = "False"
		VWDPort = "4488"
		SlnRelativePath = "WebServiceTest\"
		DefaultWebSiteLanguage = "Visual C#"
	EndProjectSection
EndProject
Project("{FAE04EC0-301F-11D3-BF4B-00C04F79EFBC}") = "WebServiceTestLocal", "WebServiceTestLocal\WebServiceTestLocal.csproj", "{FA1E8BB6-3E06-439D-B23C-1DE94AD3AD59}"
	ProjectSection(ProjectDependencies) = postProject
		{FD59330F-B0CC-4BD8-A0CA-C20B376969BE} = {FD59330F-B0CC-4BD8-A0CA-C20B376969BE}
	EndProjectSection
EndProject
Project("{FAE04EC0-301F-11D3-BF4B-00C04F79EFBC}") = "ButtonEx", "ButtonEx\ButtonEx.csproj", "{4297E151-3649-4D9F-AAAD-1C84E3FCCDAD}"
EndProject
Project("{FAE04EC0-301F-11D3-BF4B-00C04F79EFBC}") = "Iterator", "Iterator\Iterator.csproj", "{4B468734-1EAC-42B1-8F39-135342ADDCE1}"
EndProject
Project("{FAE04EC0-301F-11D3-BF4B-00C04F79EFBC}") = "Sort", "Sort\Sort.csproj", "{64869F1C-7168-4A21-83C7-D8368F7B7EA9}"
EndProject
Project("{FAE04EC0-301F-11D3-BF4B-00C04F79EFBC}") = "DisposeTest", "DisposeTest\DisposeTest.csproj", "{634F2E69-3DB6-4C2D-8CE5-29F8253B7DBC}"
EndProject
Project("{FAE04EC0-301F-11D3-BF4B-00C04F79EFBC}") = "MVVM", "MVVM\MVVM.csproj", "{52E2B9D5-6083-48F8-A1C5-2EFB433516FA}"
EndProject
Global
	GlobalSection(SolutionConfigurationPlatforms) = preSolution
		Debug|Any CPU = Debug|Any CPU
		Debug|x64 = Debug|x64
		Debug|x86 = Debug|x86
		Release|Any CPU = Release|Any CPU
		Release|x64 = Release|x64
		Release|x86 = Release|x86
	EndGlobalSection
	GlobalSection(ProjectConfigurationPlatforms) = postSolution
		{061CE64B-9DAF-4C3F-B827-FFAD92A45B1C}.Debug|Any CPU.ActiveCfg = Debug|Any CPU
		{061CE64B-9DAF-4C3F-B827-FFAD92A45B1C}.Debug|Any CPU.Build.0 = Debug|Any CPU
		{061CE64B-9DAF-4C3F-B827-FFAD92A45B1C}.Debug|x64.ActiveCfg = Debug|Any CPU
		{061CE64B-9DAF-4C3F-B827-FFAD92A45B1C}.Debug|x64.Build.0 = Debug|Any CPU
		{061CE64B-9DAF-4C3F-B827-FFAD92A45B1C}.Debug|x86.ActiveCfg = Debug|Any CPU
		{061CE64B-9DAF-4C3F-B827-FFAD92A45B1C}.Debug|x86.Build.0 = Debug|Any CPU
		{061CE64B-9DAF-4C3F-B827-FFAD92A45B1C}.Release|Any CPU.ActiveCfg = Release|Any CPU
		{061CE64B-9DAF-4C3F-B827-FFAD92A45B1C}.Release|Any CPU.Build.0 = Release|Any CPU
		{061CE64B-9DAF-4C3F-B827-FFAD92A45B1C}.Release|x64.ActiveCfg = Release|Any CPU
		{061CE64B-9DAF-4C3F-B827-FFAD92A45B1C}.Release|x64.Build.0 = Release|Any CPU
		{061CE64B-9DAF-4C3F-B827-FFAD92A45B1C}.Release|x86.ActiveCfg = Release|Any CPU
		{061CE64B-9DAF-4C3F-B827-FFAD92A45B1C}.Release|x86.Build.0 = Release|Any CPU
		{A1F3228E-55B5-4FB5-AD5E-2661EECF9616}.Debug|Any CPU.ActiveCfg = Debug|Any CPU
		{A1F3228E-55B5-4FB5-AD5E-2661EECF9616}.Debug|Any CPU.Build.0 = Debug|Any CPU
		{A1F3228E-55B5-4FB5-AD5E-2661EECF9616}.Debug|x64.ActiveCfg = Debug|Any CPU
		{A1F3228E-55B5-4FB5-AD5E-2661EECF9616}.Debug|x64.Build.0 = Debug|Any CPU
		{A1F3228E-55B5-4FB5-AD5E-2661EECF9616}.Debug|x86.ActiveCfg = Debug|Any CPU
		{A1F3228E-55B5-4FB5-AD5E-2661EECF9616}.Debug|x86.Build.0 = Debug|Any CPU
		{A1F3228E-55B5-4FB5-AD5E-2661EECF9616}.Release|Any CPU.ActiveCfg = Release|Any CPU
		{A1F3228E-55B5-4FB5-AD5E-2661EECF9616}.Release|Any CPU.Build.0 = Release|Any CPU
		{A1F3228E-55B5-4FB5-AD5E-2661EECF9616}.Release|x64.ActiveCfg = Release|Any CPU
		{A1F3228E-55B5-4FB5-AD5E-2661EECF9616}.Release|x64.Build.0 = Release|Any CPU
		{A1F3228E-55B5-4FB5-AD5E-2661EECF9616}.Release|x86.ActiveCfg = Release|Any CPU
		{A1F3228E-55B5-4FB5-AD5E-2661EECF9616}.Release|x86.Build.0 = Release|Any CPU
		{8325CB85-68DA-44D1-B127-392CCFEF4AF9}.Debug|Any CPU.ActiveCfg = Debug|Any CPU
		{8325CB85-68DA-44D1-B127-392CCFEF4AF9}.Debug|Any CPU.Build.0 = Debug|Any CPU
		{8325CB85-68DA-44D1-B127-392CCFEF4AF9}.Debug|x64.ActiveCfg = Debug|Any CPU
		{8325CB85-68DA-44D1-B127-392CCFEF4AF9}.Debug|x64.Build.0 = Debug|Any CPU
		{8325CB85-68DA-44D1-B127-392CCFEF4AF9}.Debug|x86.ActiveCfg = Debug|Any CPU
		{8325CB85-68DA-44D1-B127-392CCFEF4AF9}.Debug|x86.Build.0 = Debug|Any CPU
		{8325CB85-68DA-44D1-B127-392CCFEF4AF9}.Release|Any CPU.ActiveCfg = Release|Any CPU
		{8325CB85-68DA-44D1-B127-392CCFEF4AF9}.Release|Any CPU.Build.0 = Release|Any CPU
		{8325CB85-68DA-44D1-B127-392CCFEF4AF9}.Release|x64.ActiveCfg = Release|Any CPU
		{8325CB85-68DA-44D1-B127-392CCFEF4AF9}.Release|x64.Build.0 = Release|Any CPU
		{8325CB85-68DA-44D1-B127-392CCFEF4AF9}.Release|x86.ActiveCfg = Release|Any CPU
		{8325CB85-68DA-44D1-B127-392CCFEF4AF9}.Release|x86.Build.0 = Release|Any CPU
		{5D87AACD-AC9A-44B9-9C95-1AB344CD29FE}.Debug|Any CPU.ActiveCfg = Debug|Any CPU
		{5D87AACD-AC9A-44B9-9C95-1AB344CD29FE}.Debug|Any CPU.Build.0 = Debug|Any CPU
		{5D87AACD-AC9A-44B9-9C95-1AB344CD29FE}.Debug|x64.ActiveCfg = Debug|Any CPU
		{5D87AACD-AC9A-44B9-9C95-1AB344CD29FE}.Debug|x64.Build.0 = Debug|Any CPU
		{5D87AACD-AC9A-44B9-9C95-1AB344CD29FE}.Debug|x86.ActiveCfg = Debug|Any CPU
		{5D87AACD-AC9A-44B9-9C95-1AB344CD29FE}.Debug|x86.Build.0 = Debug|Any CPU
		{5D87AACD-AC9A-44B9-9C95-1AB344CD29FE}.Release|Any CPU.ActiveCfg = Release|Any CPU
		{5D87AACD-AC9A-44B9-9C95-1AB344CD29FE}.Release|Any CPU.Build.0 = Release|Any CPU
		{5D87AACD-AC9A-44B9-9C95-1AB344CD29FE}.Release|x64.ActiveCfg = Release|Any CPU
		{5D87AACD-AC9A-44B9-9C95-1AB344CD29FE}.Release|x64.Build.0 = Release|Any CPU
		{5D87AACD-AC9A-44B9-9C95-1AB344CD29FE}.Release|x86.ActiveCfg = Release|Any CPU
		{5D87AACD-AC9A-44B9-9C95-1AB344CD29FE}.Release|x86.Build.0 = Release|Any CPU
		{D2124580-B8F6-477A-96B8-3989E3762480}.Debug|Any CPU.ActiveCfg = Debug|Any CPU
		{D2124580-B8F6-477A-96B8-3989E3762480}.Debug|Any CPU.Build.0 = Debug|Any CPU
		{D2124580-B8F6-477A-96B8-3989E3762480}.Debug|x64.ActiveCfg = Debug|Any CPU
		{D2124580-B8F6-477A-96B8-3989E3762480}.Debug|x64.Build.0 = Debug|Any CPU
		{D2124580-B8F6-477A-96B8-3989E3762480}.Debug|x86.ActiveCfg = Debug|Any CPU
		{D2124580-B8F6-477A-96B8-3989E3762480}.Debug|x86.Build.0 = Debug|Any CPU
		{D2124580-B8F6-477A-96B8-3989E3762480}.Release|Any CPU.ActiveCfg = Release|Any CPU
		{D2124580-B8F6-477A-96B8-3989E3762480}.Release|Any CPU.Build.0 = Release|Any CPU
		{D2124580-B8F6-477A-96B8-3989E3762480}.Release|x64.ActiveCfg = Release|Any CPU
		{D2124580-B8F6-477A-96B8-3989E3762480}.Release|x64.Build.0 = Release|Any CPU
		{D2124580-B8F6-477A-96B8-3989E3762480}.Release|x86.ActiveCfg = Release|Any CPU
		{D2124580-B8F6-477A-96B8-3989E3762480}.Release|x86.Build.0 = Release|Any CPU
		{0B5DC523-0D47-49CB-A5B8-A1C58146F9F6}.Debug|Any CPU.ActiveCfg = Debug|Any CPU
		{0B5DC523-0D47-49CB-A5B8-A1C58146F9F6}.Debug|Any CPU.Build.0 = Debug|Any CPU
		{0B5DC523-0D47-49CB-A5B8-A1C58146F9F6}.Debug|x64.ActiveCfg = Debug|Any CPU
		{0B5DC523-0D47-49CB-A5B8-A1C58146F9F6}.Debug|x64.Build.0 = Debug|Any CPU
		{0B5DC523-0D47-49CB-A5B8-A1C58146F9F6}.Debug|x86.ActiveCfg = Debug|Any CPU
		{0B5DC523-0D47-49CB-A5B8-A1C58146F9F6}.Debug|x86.Build.0 = Debug|Any CPU
		{0B5DC523-0D47-49CB-A5B8-A1C58146F9F6}.Release|Any CPU.ActiveCfg = Release|Any CPU
		{0B5DC523-0D47-49CB-A5B8-A1C58146F9F6}.Release|Any CPU.Build.0 = Release|Any CPU
		{0B5DC523-0D47-49CB-A5B8-A1C58146F9F6}.Release|x64.ActiveCfg = Release|Any CPU
		{0B5DC523-0D47-49CB-A5B8-A1C58146F9F6}.Release|x64.Build.0 = Release|Any CPU
		{0B5DC523-0D47-49CB-A5B8-A1C58146F9F6}.Release|x86.ActiveCfg = Release|Any CPU
		{0B5DC523-0D47-49CB-A5B8-A1C58146F9F6}.Release|x86.Build.0 = Release|Any CPU
		{5BD3F64A-443B-4D03-A681-9A204997A0D5}.Debug|Any CPU.ActiveCfg = Debug|Any CPU
		{5BD3F64A-443B-4D03-A681-9A204997A0D5}.Debug|Any CPU.Build.0 = Debug|Any CPU
		{5BD3F64A-443B-4D03-A681-9A204997A0D5}.Debug|x64.ActiveCfg = Debug|Any CPU
		{5BD3F64A-443B-4D03-A681-9A204997A0D5}.Debug|x64.Build.0 = Debug|Any CPU
		{5BD3F64A-443B-4D03-A681-9A204997A0D5}.Debug|x86.ActiveCfg = Debug|Any CPU
		{5BD3F64A-443B-4D03-A681-9A204997A0D5}.Debug|x86.Build.0 = Debug|Any CPU
		{5BD3F64A-443B-4D03-A681-9A204997A0D5}.Release|Any CPU.ActiveCfg = Release|Any CPU
		{5BD3F64A-443B-4D03-A681-9A204997A0D5}.Release|Any CPU.Build.0 = Release|Any CPU
		{5BD3F64A-443B-4D03-A681-9A204997A0D5}.Release|x64.ActiveCfg = Release|Any CPU
		{5BD3F64A-443B-4D03-A681-9A204997A0D5}.Release|x64.Build.0 = Release|Any CPU
		{5BD3F64A-443B-4D03-A681-9A204997A0D5}.Release|x86.ActiveCfg = Release|Any CPU
		{5BD3F64A-443B-4D03-A681-9A204997A0D5}.Release|x86.Build.0 = Release|Any CPU
		{44D7DDCD-52C6-43C1-8332-8842FBB2B5D9}.Debug|Any CPU.ActiveCfg = Debug|Any CPU
		{44D7DDCD-52C6-43C1-8332-8842FBB2B5D9}.Debug|Any CPU.Build.0 = Debug|Any CPU
		{44D7DDCD-52C6-43C1-8332-8842FBB2B5D9}.Debug|x64.ActiveCfg = Debug|Any CPU
		{44D7DDCD-52C6-43C1-8332-8842FBB2B5D9}.Debug|x64.Build.0 = Debug|Any CPU
		{44D7DDCD-52C6-43C1-8332-8842FBB2B5D9}.Debug|x86.ActiveCfg = Debug|Any CPU
		{44D7DDCD-52C6-43C1-8332-8842FBB2B5D9}.Debug|x86.Build.0 = Debug|Any CPU
		{44D7DDCD-52C6-43C1-8332-8842FBB2B5D9}.Release|Any CPU.ActiveCfg = Release|Any CPU
		{44D7DDCD-52C6-43C1-8332-8842FBB2B5D9}.Release|Any CPU.Build.0 = Release|Any CPU
		{44D7DDCD-52C6-43C1-8332-8842FBB2B5D9}.Release|x64.ActiveCfg = Release|Any CPU
		{44D7DDCD-52C6-43C1-8332-8842FBB2B5D9}.Release|x64.Build.0 = Release|Any CPU
		{44D7DDCD-52C6-43C1-8332-8842FBB2B5D9}.Release|x86.ActiveCfg = Release|Any CPU
		{44D7DDCD-52C6-43C1-8332-8842FBB2B5D9}.Release|x86.Build.0 = Release|Any CPU
		{F8DAD898-15F8-443D-AC7E-93EC24EA67DB}.Debug|Any CPU.ActiveCfg = Debug|Any CPU
		{F8DAD898-15F8-443D-AC7E-93EC24EA67DB}.Debug|Any CPU.Build.0 = Debug|Any CPU
		{F8DAD898-15F8-443D-AC7E-93EC24EA67DB}.Debug|x64.ActiveCfg = Debug|Any CPU
		{F8DAD898-15F8-443D-AC7E-93EC24EA67DB}.Debug|x64.Build.0 = Debug|Any CPU
		{F8DAD898-15F8-443D-AC7E-93EC24EA67DB}.Debug|x86.ActiveCfg = Debug|Any CPU
		{F8DAD898-15F8-443D-AC7E-93EC24EA67DB}.Debug|x86.Build.0 = Debug|Any CPU
		{F8DAD898-15F8-443D-AC7E-93EC24EA67DB}.Release|Any CPU.ActiveCfg = Release|Any CPU
		{F8DAD898-15F8-443D-AC7E-93EC24EA67DB}.Release|Any CPU.Build.0 = Release|Any CPU
		{F8DAD898-15F8-443D-AC7E-93EC24EA67DB}.Release|x64.ActiveCfg = Release|Any CPU
		{F8DAD898-15F8-443D-AC7E-93EC24EA67DB}.Release|x64.Build.0 = Release|Any CPU
		{F8DAD898-15F8-443D-AC7E-93EC24EA67DB}.Release|x86.ActiveCfg = Release|Any CPU
		{F8DAD898-15F8-443D-AC7E-93EC24EA67DB}.Release|x86.Build.0 = Release|Any CPU
		{F33FF4D4-917A-4849-9324-C83BF9D23752}.Debug|Any CPU.ActiveCfg = Debug|Any CPU
		{F33FF4D4-917A-4849-9324-C83BF9D23752}.Debug|Any CPU.Build.0 = Debug|Any CPU
		{F33FF4D4-917A-4849-9324-C83BF9D23752}.Debug|x64.ActiveCfg = Debug|Any CPU
		{F33FF4D4-917A-4849-9324-C83BF9D23752}.Debug|x64.Build.0 = Debug|Any CPU
		{F33FF4D4-917A-4849-9324-C83BF9D23752}.Debug|x86.ActiveCfg = Debug|Any CPU
		{F33FF4D4-917A-4849-9324-C83BF9D23752}.Debug|x86.Build.0 = Debug|Any CPU
		{F33FF4D4-917A-4849-9324-C83BF9D23752}.Release|Any CPU.ActiveCfg = Release|Any CPU
		{F33FF4D4-917A-4849-9324-C83BF9D23752}.Release|Any CPU.Build.0 = Release|Any CPU
		{F33FF4D4-917A-4849-9324-C83BF9D23752}.Release|x64.ActiveCfg = Release|Any CPU
		{F33FF4D4-917A-4849-9324-C83BF9D23752}.Release|x64.Build.0 = Release|Any CPU
		{F33FF4D4-917A-4849-9324-C83BF9D23752}.Release|x86.ActiveCfg = Release|Any CPU
		{F33FF4D4-917A-4849-9324-C83BF9D23752}.Release|x86.Build.0 = Release|Any CPU
		{35014C5D-63BB-49A6-8608-DB05774593F7}.Debug|Any CPU.ActiveCfg = Debug|Any CPU
		{35014C5D-63BB-49A6-8608-DB05774593F7}.Debug|Any CPU.Build.0 = Debug|Any CPU
		{35014C5D-63BB-49A6-8608-DB05774593F7}.Debug|x64.ActiveCfg = Debug|Any CPU
		{35014C5D-63BB-49A6-8608-DB05774593F7}.Debug|x64.Build.0 = Debug|Any CPU
		{35014C5D-63BB-49A6-8608-DB05774593F7}.Debug|x86.ActiveCfg = Debug|Any CPU
		{35014C5D-63BB-49A6-8608-DB05774593F7}.Debug|x86.Build.0 = Debug|Any CPU
		{35014C5D-63BB-49A6-8608-DB05774593F7}.Release|Any CPU.ActiveCfg = Release|Any CPU
		{35014C5D-63BB-49A6-8608-DB05774593F7}.Release|Any CPU.Build.0 = Release|Any CPU
		{35014C5D-63BB-49A6-8608-DB05774593F7}.Release|x64.ActiveCfg = Release|Any CPU
		{35014C5D-63BB-49A6-8608-DB05774593F7}.Release|x64.Build.0 = Release|Any CPU
		{35014C5D-63BB-49A6-8608-DB05774593F7}.Release|x86.ActiveCfg = Release|Any CPU
		{35014C5D-63BB-49A6-8608-DB05774593F7}.Release|x86.Build.0 = Release|Any CPU
		{EA6C7F20-E854-4BFE-AE5A-F7036CD49B4F}.Debug|Any CPU.ActiveCfg = Debug|Any CPU
		{EA6C7F20-E854-4BFE-AE5A-F7036CD49B4F}.Debug|Any CPU.Build.0 = Debug|Any CPU
		{EA6C7F20-E854-4BFE-AE5A-F7036CD49B4F}.Debug|x64.ActiveCfg = Debug|Any CPU
		{EA6C7F20-E854-4BFE-AE5A-F7036CD49B4F}.Debug|x64.Build.0 = Debug|Any CPU
		{EA6C7F20-E854-4BFE-AE5A-F7036CD49B4F}.Debug|x86.ActiveCfg = Debug|Any CPU
		{EA6C7F20-E854-4BFE-AE5A-F7036CD49B4F}.Debug|x86.Build.0 = Debug|Any CPU
		{EA6C7F20-E854-4BFE-AE5A-F7036CD49B4F}.Release|Any CPU.ActiveCfg = Release|Any CPU
		{EA6C7F20-E854-4BFE-AE5A-F7036CD49B4F}.Release|Any CPU.Build.0 = Release|Any CPU
		{EA6C7F20-E854-4BFE-AE5A-F7036CD49B4F}.Release|x64.ActiveCfg = Release|Any CPU
		{EA6C7F20-E854-4BFE-AE5A-F7036CD49B4F}.Release|x64.Build.0 = Release|Any CPU
		{EA6C7F20-E854-4BFE-AE5A-F7036CD49B4F}.Release|x86.ActiveCfg = Release|Any CPU
		{EA6C7F20-E854-4BFE-AE5A-F7036CD49B4F}.Release|x86.Build.0 = Release|Any CPU
		{CB0DA9CB-DD00-4A30-A9AB-D4376F26F187}.Debug|Any CPU.ActiveCfg = Debug|Any CPU
		{CB0DA9CB-DD00-4A30-A9AB-D4376F26F187}.Debug|Any CPU.Build.0 = Debug|Any CPU
		{CB0DA9CB-DD00-4A30-A9AB-D4376F26F187}.Debug|x64.ActiveCfg = Debug|Any CPU
		{CB0DA9CB-DD00-4A30-A9AB-D4376F26F187}.Debug|x64.Build.0 = Debug|Any CPU
		{CB0DA9CB-DD00-4A30-A9AB-D4376F26F187}.Debug|x86.ActiveCfg = Debug|Any CPU
		{CB0DA9CB-DD00-4A30-A9AB-D4376F26F187}.Debug|x86.Build.0 = Debug|Any CPU
		{CB0DA9CB-DD00-4A30-A9AB-D4376F26F187}.Release|Any CPU.ActiveCfg = Release|Any CPU
		{CB0DA9CB-DD00-4A30-A9AB-D4376F26F187}.Release|Any CPU.Build.0 = Release|Any CPU
		{CB0DA9CB-DD00-4A30-A9AB-D4376F26F187}.Release|x64.ActiveCfg = Release|Any CPU
		{CB0DA9CB-DD00-4A30-A9AB-D4376F26F187}.Release|x64.Build.0 = Release|Any CPU
		{CB0DA9CB-DD00-4A30-A9AB-D4376F26F187}.Release|x86.ActiveCfg = Release|Any CPU
		{CB0DA9CB-DD00-4A30-A9AB-D4376F26F187}.Release|x86.Build.0 = Release|Any CPU
		{FF7A2381-482E-4C37-8D65-7D2EFF953106}.Debug|Any CPU.ActiveCfg = Debug|Any CPU
		{FF7A2381-482E-4C37-8D65-7D2EFF953106}.Debug|Any CPU.Build.0 = Debug|Any CPU
		{FF7A2381-482E-4C37-8D65-7D2EFF953106}.Debug|x64.ActiveCfg = Debug|Any CPU
		{FF7A2381-482E-4C37-8D65-7D2EFF953106}.Debug|x64.Build.0 = Debug|Any CPU
		{FF7A2381-482E-4C37-8D65-7D2EFF953106}.Debug|x86.ActiveCfg = Debug|Any CPU
		{FF7A2381-482E-4C37-8D65-7D2EFF953106}.Debug|x86.Build.0 = Debug|Any CPU
		{FF7A2381-482E-4C37-8D65-7D2EFF953106}.Release|Any CPU.ActiveCfg = Release|Any CPU
		{FF7A2381-482E-4C37-8D65-7D2EFF953106}.Release|Any CPU.Build.0 = Release|Any CPU
		{FF7A2381-482E-4C37-8D65-7D2EFF953106}.Release|x64.ActiveCfg = Release|Any CPU
		{FF7A2381-482E-4C37-8D65-7D2EFF953106}.Release|x64.Build.0 = Release|Any CPU
		{FF7A2381-482E-4C37-8D65-7D2EFF953106}.Release|x86.ActiveCfg = Release|Any CPU
		{FF7A2381-482E-4C37-8D65-7D2EFF953106}.Release|x86.Build.0 = Release|Any CPU
		{914A2294-8ACF-4785-AC33-1A79ED032A38}.Debug|Any CPU.ActiveCfg = Debug|Any CPU
		{914A2294-8ACF-4785-AC33-1A79ED032A38}.Debug|Any CPU.Build.0 = Debug|Any CPU
		{914A2294-8ACF-4785-AC33-1A79ED032A38}.Debug|x64.ActiveCfg = Debug|Any CPU
		{914A2294-8ACF-4785-AC33-1A79ED032A38}.Debug|x64.Build.0 = Debug|Any CPU
		{914A2294-8ACF-4785-AC33-1A79ED032A38}.Debug|x86.ActiveCfg = Debug|Any CPU
		{914A2294-8ACF-4785-AC33-1A79ED032A38}.Debug|x86.Build.0 = Debug|Any CPU
		{914A2294-8ACF-4785-AC33-1A79ED032A38}.Release|Any CPU.ActiveCfg = Release|Any CPU
		{914A2294-8ACF-4785-AC33-1A79ED032A38}.Release|Any CPU.Build.0 = Release|Any CPU
		{914A2294-8ACF-4785-AC33-1A79ED032A38}.Release|x64.ActiveCfg = Release|Any CPU
		{914A2294-8ACF-4785-AC33-1A79ED032A38}.Release|x64.Build.0 = Release|Any CPU
		{914A2294-8ACF-4785-AC33-1A79ED032A38}.Release|x86.ActiveCfg = Release|Any CPU
		{914A2294-8ACF-4785-AC33-1A79ED032A38}.Release|x86.Build.0 = Release|Any CPU
		{5846305E-2EE8-48CD-8C41-CE48967B4FC6}.Debug|Any CPU.ActiveCfg = Debug|Any CPU
		{5846305E-2EE8-48CD-8C41-CE48967B4FC6}.Debug|Any CPU.Build.0 = Debug|Any CPU
		{5846305E-2EE8-48CD-8C41-CE48967B4FC6}.Debug|x64.ActiveCfg = Debug|Any CPU
		{5846305E-2EE8-48CD-8C41-CE48967B4FC6}.Debug|x64.Build.0 = Debug|Any CPU
		{5846305E-2EE8-48CD-8C41-CE48967B4FC6}.Debug|x86.ActiveCfg = Debug|Any CPU
		{5846305E-2EE8-48CD-8C41-CE48967B4FC6}.Debug|x86.Build.0 = Debug|Any CPU
		{5846305E-2EE8-48CD-8C41-CE48967B4FC6}.Release|Any CPU.ActiveCfg = Release|Any CPU
		{5846305E-2EE8-48CD-8C41-CE48967B4FC6}.Release|Any CPU.Build.0 = Release|Any CPU
		{5846305E-2EE8-48CD-8C41-CE48967B4FC6}.Release|x64.ActiveCfg = Release|Any CPU
		{5846305E-2EE8-48CD-8C41-CE48967B4FC6}.Release|x64.Build.0 = Release|Any CPU
		{5846305E-2EE8-48CD-8C41-CE48967B4FC6}.Release|x86.ActiveCfg = Release|Any CPU
		{5846305E-2EE8-48CD-8C41-CE48967B4FC6}.Release|x86.Build.0 = Release|Any CPU
		{76AE6804-D984-4B59-BC85-3610A3C1512B}.Debug|Any CPU.ActiveCfg = Debug|Any CPU
		{76AE6804-D984-4B59-BC85-3610A3C1512B}.Debug|Any CPU.Build.0 = Debug|Any CPU
		{76AE6804-D984-4B59-BC85-3610A3C1512B}.Debug|x64.ActiveCfg = Debug|Any CPU
		{76AE6804-D984-4B59-BC85-3610A3C1512B}.Debug|x64.Build.0 = Debug|Any CPU
		{76AE6804-D984-4B59-BC85-3610A3C1512B}.Debug|x86.ActiveCfg = Debug|Any CPU
		{76AE6804-D984-4B59-BC85-3610A3C1512B}.Debug|x86.Build.0 = Debug|Any CPU
		{76AE6804-D984-4B59-BC85-3610A3C1512B}.Release|Any CPU.ActiveCfg = Release|Any CPU
		{76AE6804-D984-4B59-BC85-3610A3C1512B}.Release|Any CPU.Build.0 = Release|Any CPU
		{76AE6804-D984-4B59-BC85-3610A3C1512B}.Release|x64.ActiveCfg = Release|Any CPU
		{76AE6804-D984-4B59-BC85-3610A3C1512B}.Release|x64.Build.0 = Release|Any CPU
		{76AE6804-D984-4B59-BC85-3610A3C1512B}.Release|x86.ActiveCfg = Release|Any CPU
		{76AE6804-D984-4B59-BC85-3610A3C1512B}.Release|x86.Build.0 = Release|Any CPU
		{6069EFCC-DE41-4EA3-B080-20A5C039EF3B}.Debug|Any CPU.ActiveCfg = Debug|Any CPU
		{6069EFCC-DE41-4EA3-B080-20A5C039EF3B}.Debug|Any CPU.Build.0 = Debug|Any CPU
		{6069EFCC-DE41-4EA3-B080-20A5C039EF3B}.Debug|x64.ActiveCfg = Debug|Any CPU
		{6069EFCC-DE41-4EA3-B080-20A5C039EF3B}.Debug|x64.Build.0 = Debug|Any CPU
		{6069EFCC-DE41-4EA3-B080-20A5C039EF3B}.Debug|x86.ActiveCfg = Debug|Any CPU
		{6069EFCC-DE41-4EA3-B080-20A5C039EF3B}.Debug|x86.Build.0 = Debug|Any CPU
		{6069EFCC-DE41-4EA3-B080-20A5C039EF3B}.Release|Any CPU.ActiveCfg = Release|Any CPU
		{6069EFCC-DE41-4EA3-B080-20A5C039EF3B}.Release|Any CPU.Build.0 = Release|Any CPU
		{6069EFCC-DE41-4EA3-B080-20A5C039EF3B}.Release|x64.ActiveCfg = Release|Any CPU
		{6069EFCC-DE41-4EA3-B080-20A5C039EF3B}.Release|x64.Build.0 = Release|Any CPU
		{6069EFCC-DE41-4EA3-B080-20A5C039EF3B}.Release|x86.ActiveCfg = Release|Any CPU
		{6069EFCC-DE41-4EA3-B080-20A5C039EF3B}.Release|x86.Build.0 = Release|Any CPU
		{3371D76E-0574-41B9-BE6C-7B9FE1108EEA}.Debug|Any CPU.ActiveCfg = Debug|Any CPU
		{3371D76E-0574-41B9-BE6C-7B9FE1108EEA}.Debug|Any CPU.Build.0 = Debug|Any CPU
		{3371D76E-0574-41B9-BE6C-7B9FE1108EEA}.Debug|x64.ActiveCfg = Debug|Any CPU
		{3371D76E-0574-41B9-BE6C-7B9FE1108EEA}.Debug|x64.Build.0 = Debug|Any CPU
		{3371D76E-0574-41B9-BE6C-7B9FE1108EEA}.Debug|x86.ActiveCfg = Debug|Any CPU
		{3371D76E-0574-41B9-BE6C-7B9FE1108EEA}.Debug|x86.Build.0 = Debug|Any CPU
		{3371D76E-0574-41B9-BE6C-7B9FE1108EEA}.Release|Any CPU.ActiveCfg = Release|Any CPU
		{3371D76E-0574-41B9-BE6C-7B9FE1108EEA}.Release|Any CPU.Build.0 = Release|Any CPU
		{3371D76E-0574-41B9-BE6C-7B9FE1108EEA}.Release|x64.ActiveCfg = Release|Any CPU
		{3371D76E-0574-41B9-BE6C-7B9FE1108EEA}.Release|x64.Build.0 = Release|Any CPU
		{3371D76E-0574-41B9-BE6C-7B9FE1108EEA}.Release|x86.ActiveCfg = Release|Any CPU
		{3371D76E-0574-41B9-BE6C-7B9FE1108EEA}.Release|x86.Build.0 = Release|Any CPU
		{8FC801A6-4AFB-4D99-B21E-8A6FEF51BE93}.Debug|Any CPU.ActiveCfg = Debug|Any CPU
		{8FC801A6-4AFB-4D99-B21E-8A6FEF51BE93}.Debug|Any CPU.Build.0 = Debug|Any CPU
		{8FC801A6-4AFB-4D99-B21E-8A6FEF51BE93}.Debug|x64.ActiveCfg = Debug|Any CPU
		{8FC801A6-4AFB-4D99-B21E-8A6FEF51BE93}.Debug|x64.Build.0 = Debug|Any CPU
		{8FC801A6-4AFB-4D99-B21E-8A6FEF51BE93}.Debug|x86.ActiveCfg = Debug|Any CPU
		{8FC801A6-4AFB-4D99-B21E-8A6FEF51BE93}.Debug|x86.Build.0 = Debug|Any CPU
		{8FC801A6-4AFB-4D99-B21E-8A6FEF51BE93}.Release|Any CPU.ActiveCfg = Release|Any CPU
		{8FC801A6-4AFB-4D99-B21E-8A6FEF51BE93}.Release|Any CPU.Build.0 = Release|Any CPU
		{8FC801A6-4AFB-4D99-B21E-8A6FEF51BE93}.Release|x64.ActiveCfg = Release|Any CPU
		{8FC801A6-4AFB-4D99-B21E-8A6FEF51BE93}.Release|x64.Build.0 = Release|Any CPU
		{8FC801A6-4AFB-4D99-B21E-8A6FEF51BE93}.Release|x86.ActiveCfg = Release|Any CPU
		{8FC801A6-4AFB-4D99-B21E-8A6FEF51BE93}.Release|x86.Build.0 = Release|Any CPU
		{DD635B5F-B298-4D90-BDA7-284C99F97FEB}.Debug|Any CPU.ActiveCfg = Debug|Any CPU
		{DD635B5F-B298-4D90-BDA7-284C99F97FEB}.Debug|Any CPU.Build.0 = Debug|Any CPU
		{DD635B5F-B298-4D90-BDA7-284C99F97FEB}.Debug|x64.ActiveCfg = Debug|Any CPU
		{DD635B5F-B298-4D90-BDA7-284C99F97FEB}.Debug|x64.Build.0 = Debug|Any CPU
		{DD635B5F-B298-4D90-BDA7-284C99F97FEB}.Debug|x86.ActiveCfg = Debug|Any CPU
		{DD635B5F-B298-4D90-BDA7-284C99F97FEB}.Debug|x86.Build.0 = Debug|Any CPU
		{DD635B5F-B298-4D90-BDA7-284C99F97FEB}.Release|Any CPU.ActiveCfg = Release|Any CPU
		{DD635B5F-B298-4D90-BDA7-284C99F97FEB}.Release|Any CPU.Build.0 = Release|Any CPU
		{DD635B5F-B298-4D90-BDA7-284C99F97FEB}.Release|x64.ActiveCfg = Release|Any CPU
		{DD635B5F-B298-4D90-BDA7-284C99F97FEB}.Release|x64.Build.0 = Release|Any CPU
		{DD635B5F-B298-4D90-BDA7-284C99F97FEB}.Release|x86.ActiveCfg = Release|Any CPU
		{DD635B5F-B298-4D90-BDA7-284C99F97FEB}.Release|x86.Build.0 = Release|Any CPU
		{75F52DE3-0AAD-47FB-B364-36B44959273E}.Debug|Any CPU.ActiveCfg = Debug|Any CPU
		{75F52DE3-0AAD-47FB-B364-36B44959273E}.Debug|Any CPU.Build.0 = Debug|Any CPU
		{75F52DE3-0AAD-47FB-B364-36B44959273E}.Debug|x64.ActiveCfg = Debug|Any CPU
		{75F52DE3-0AAD-47FB-B364-36B44959273E}.Debug|x64.Build.0 = Debug|Any CPU
		{75F52DE3-0AAD-47FB-B364-36B44959273E}.Debug|x86.ActiveCfg = Debug|Any CPU
		{75F52DE3-0AAD-47FB-B364-36B44959273E}.Debug|x86.Build.0 = Debug|Any CPU
		{75F52DE3-0AAD-47FB-B364-36B44959273E}.Release|Any CPU.ActiveCfg = Release|Any CPU
		{75F52DE3-0AAD-47FB-B364-36B44959273E}.Release|Any CPU.Build.0 = Release|Any CPU
		{75F52DE3-0AAD-47FB-B364-36B44959273E}.Release|x64.ActiveCfg = Release|Any CPU
		{75F52DE3-0AAD-47FB-B364-36B44959273E}.Release|x64.Build.0 = Release|Any CPU
		{75F52DE3-0AAD-47FB-B364-36B44959273E}.Release|x86.ActiveCfg = Release|Any CPU
		{75F52DE3-0AAD-47FB-B364-36B44959273E}.Release|x86.Build.0 = Release|Any CPU
		{0121DA73-0BF4-4FDA-9E78-90D0191B7204}.Debug|Any CPU.ActiveCfg = Debug|Any CPU
		{0121DA73-0BF4-4FDA-9E78-90D0191B7204}.Debug|Any CPU.Build.0 = Debug|Any CPU
		{0121DA73-0BF4-4FDA-9E78-90D0191B7204}.Debug|x64.ActiveCfg = Debug|Any CPU
		{0121DA73-0BF4-4FDA-9E78-90D0191B7204}.Debug|x64.Build.0 = Debug|Any CPU
		{0121DA73-0BF4-4FDA-9E78-90D0191B7204}.Debug|x86.ActiveCfg = Debug|Any CPU
		{0121DA73-0BF4-4FDA-9E78-90D0191B7204}.Debug|x86.Build.0 = Debug|Any CPU
		{0121DA73-0BF4-4FDA-9E78-90D0191B7204}.Release|Any CPU.ActiveCfg = Release|Any CPU
		{0121DA73-0BF4-4FDA-9E78-90D0191B7204}.Release|Any CPU.Build.0 = Release|Any CPU
		{0121DA73-0BF4-4FDA-9E78-90D0191B7204}.Release|x64.ActiveCfg = Release|Any CPU
		{0121DA73-0BF4-4FDA-9E78-90D0191B7204}.Release|x64.Build.0 = Release|Any CPU
		{0121DA73-0BF4-4FDA-9E78-90D0191B7204}.Release|x86.ActiveCfg = Release|Any CPU
		{0121DA73-0BF4-4FDA-9E78-90D0191B7204}.Release|x86.Build.0 = Release|Any CPU
		{616F5942-78E2-4E04-ABFE-E56D48C85ECF}.Debug|Any CPU.ActiveCfg = Debug|Any CPU
		{616F5942-78E2-4E04-ABFE-E56D48C85ECF}.Debug|Any CPU.Build.0 = Debug|Any CPU
		{616F5942-78E2-4E04-ABFE-E56D48C85ECF}.Debug|x64.ActiveCfg = Debug|Any CPU
		{616F5942-78E2-4E04-ABFE-E56D48C85ECF}.Debug|x64.Build.0 = Debug|Any CPU
		{616F5942-78E2-4E04-ABFE-E56D48C85ECF}.Debug|x86.ActiveCfg = Debug|Any CPU
		{616F5942-78E2-4E04-ABFE-E56D48C85ECF}.Debug|x86.Build.0 = Debug|Any CPU
		{616F5942-78E2-4E04-ABFE-E56D48C85ECF}.Release|Any CPU.ActiveCfg = Release|Any CPU
		{616F5942-78E2-4E04-ABFE-E56D48C85ECF}.Release|Any CPU.Build.0 = Release|Any CPU
		{616F5942-78E2-4E04-ABFE-E56D48C85ECF}.Release|x64.ActiveCfg = Release|Any CPU
		{616F5942-78E2-4E04-ABFE-E56D48C85ECF}.Release|x64.Build.0 = Release|Any CPU
		{616F5942-78E2-4E04-ABFE-E56D48C85ECF}.Release|x86.ActiveCfg = Release|Any CPU
		{616F5942-78E2-4E04-ABFE-E56D48C85ECF}.Release|x86.Build.0 = Release|Any CPU
		{65672535-77F5-4627-97EA-1B8767A191CA}.Debug|Any CPU.ActiveCfg = Debug|Any CPU
		{65672535-77F5-4627-97EA-1B8767A191CA}.Debug|Any CPU.Build.0 = Debug|Any CPU
		{65672535-77F5-4627-97EA-1B8767A191CA}.Debug|x64.ActiveCfg = Debug|Any CPU
		{65672535-77F5-4627-97EA-1B8767A191CA}.Debug|x64.Build.0 = Debug|Any CPU
		{65672535-77F5-4627-97EA-1B8767A191CA}.Debug|x86.ActiveCfg = Debug|Any CPU
		{65672535-77F5-4627-97EA-1B8767A191CA}.Debug|x86.Build.0 = Debug|Any CPU
		{65672535-77F5-4627-97EA-1B8767A191CA}.Release|Any CPU.ActiveCfg = Release|Any CPU
		{65672535-77F5-4627-97EA-1B8767A191CA}.Release|Any CPU.Build.0 = Release|Any CPU
		{65672535-77F5-4627-97EA-1B8767A191CA}.Release|x64.ActiveCfg = Release|Any CPU
		{65672535-77F5-4627-97EA-1B8767A191CA}.Release|x64.Build.0 = Release|Any CPU
		{65672535-77F5-4627-97EA-1B8767A191CA}.Release|x86.ActiveCfg = Release|Any CPU
		{65672535-77F5-4627-97EA-1B8767A191CA}.Release|x86.Build.0 = Release|Any CPU
		{BAF3ECAB-B871-459C-AA2F-8B5D2F28650B}.Debug|Any CPU.ActiveCfg = Debug|Any CPU
		{BAF3ECAB-B871-459C-AA2F-8B5D2F28650B}.Debug|Any CPU.Build.0 = Debug|Any CPU
		{BAF3ECAB-B871-459C-AA2F-8B5D2F28650B}.Debug|x64.ActiveCfg = Debug|Any CPU
		{BAF3ECAB-B871-459C-AA2F-8B5D2F28650B}.Debug|x64.Build.0 = Debug|Any CPU
		{BAF3ECAB-B871-459C-AA2F-8B5D2F28650B}.Debug|x86.ActiveCfg = Debug|Any CPU
		{BAF3ECAB-B871-459C-AA2F-8B5D2F28650B}.Debug|x86.Build.0 = Debug|Any CPU
		{BAF3ECAB-B871-459C-AA2F-8B5D2F28650B}.Release|Any CPU.ActiveCfg = Release|Any CPU
		{BAF3ECAB-B871-459C-AA2F-8B5D2F28650B}.Release|Any CPU.Build.0 = Release|Any CPU
		{BAF3ECAB-B871-459C-AA2F-8B5D2F28650B}.Release|x64.ActiveCfg = Release|Any CPU
		{BAF3ECAB-B871-459C-AA2F-8B5D2F28650B}.Release|x64.Build.0 = Release|Any CPU
		{BAF3ECAB-B871-459C-AA2F-8B5D2F28650B}.Release|x86.ActiveCfg = Release|Any CPU
		{BAF3ECAB-B871-459C-AA2F-8B5D2F28650B}.Release|x86.Build.0 = Release|Any CPU
		{1A345D37-58CB-4C86-98AB-83B727F076F5}.Debug|Any CPU.ActiveCfg = Debug|Any CPU
		{1A345D37-58CB-4C86-98AB-83B727F076F5}.Debug|Any CPU.Build.0 = Debug|Any CPU
		{1A345D37-58CB-4C86-98AB-83B727F076F5}.Debug|x64.ActiveCfg = Debug|Any CPU
		{1A345D37-58CB-4C86-98AB-83B727F076F5}.Debug|x64.Build.0 = Debug|Any CPU
		{1A345D37-58CB-4C86-98AB-83B727F076F5}.Debug|x86.ActiveCfg = Debug|Any CPU
		{1A345D37-58CB-4C86-98AB-83B727F076F5}.Debug|x86.Build.0 = Debug|Any CPU
		{1A345D37-58CB-4C86-98AB-83B727F076F5}.Release|Any CPU.ActiveCfg = Release|Any CPU
		{1A345D37-58CB-4C86-98AB-83B727F076F5}.Release|Any CPU.Build.0 = Release|Any CPU
		{1A345D37-58CB-4C86-98AB-83B727F076F5}.Release|x64.ActiveCfg = Release|Any CPU
		{1A345D37-58CB-4C86-98AB-83B727F076F5}.Release|x64.Build.0 = Release|Any CPU
		{1A345D37-58CB-4C86-98AB-83B727F076F5}.Release|x86.ActiveCfg = Release|Any CPU
		{1A345D37-58CB-4C86-98AB-83B727F076F5}.Release|x86.Build.0 = Release|Any CPU
		{FBD1A77A-FC9F-4E0B-ACD5-0337BEEBC2FE}.Debug|Any CPU.ActiveCfg = Debug|Any CPU
		{FBD1A77A-FC9F-4E0B-ACD5-0337BEEBC2FE}.Debug|Any CPU.Build.0 = Debug|Any CPU
		{FBD1A77A-FC9F-4E0B-ACD5-0337BEEBC2FE}.Debug|x64.ActiveCfg = Debug|Any CPU
		{FBD1A77A-FC9F-4E0B-ACD5-0337BEEBC2FE}.Debug|x64.Build.0 = Debug|Any CPU
		{FBD1A77A-FC9F-4E0B-ACD5-0337BEEBC2FE}.Debug|x86.ActiveCfg = Debug|Any CPU
		{FBD1A77A-FC9F-4E0B-ACD5-0337BEEBC2FE}.Debug|x86.Build.0 = Debug|Any CPU
		{FBD1A77A-FC9F-4E0B-ACD5-0337BEEBC2FE}.Release|Any CPU.ActiveCfg = Release|Any CPU
		{FBD1A77A-FC9F-4E0B-ACD5-0337BEEBC2FE}.Release|Any CPU.Build.0 = Release|Any CPU
		{FBD1A77A-FC9F-4E0B-ACD5-0337BEEBC2FE}.Release|x64.ActiveCfg = Release|Any CPU
		{FBD1A77A-FC9F-4E0B-ACD5-0337BEEBC2FE}.Release|x64.Build.0 = Release|Any CPU
		{FBD1A77A-FC9F-4E0B-ACD5-0337BEEBC2FE}.Release|x86.ActiveCfg = Release|Any CPU
		{FBD1A77A-FC9F-4E0B-ACD5-0337BEEBC2FE}.Release|x86.Build.0 = Release|Any CPU
		{42557DB4-BFC0-41AA-BBBD-7D0DBC9B7418}.Debug|Any CPU.ActiveCfg = Debug|Any CPU
		{42557DB4-BFC0-41AA-BBBD-7D0DBC9B7418}.Debug|Any CPU.Build.0 = Debug|Any CPU
		{42557DB4-BFC0-41AA-BBBD-7D0DBC9B7418}.Debug|x64.ActiveCfg = Debug|Any CPU
		{42557DB4-BFC0-41AA-BBBD-7D0DBC9B7418}.Debug|x64.Build.0 = Debug|Any CPU
		{42557DB4-BFC0-41AA-BBBD-7D0DBC9B7418}.Debug|x86.ActiveCfg = Debug|Any CPU
		{42557DB4-BFC0-41AA-BBBD-7D0DBC9B7418}.Debug|x86.Build.0 = Debug|Any CPU
		{42557DB4-BFC0-41AA-BBBD-7D0DBC9B7418}.Release|Any CPU.ActiveCfg = Release|Any CPU
		{42557DB4-BFC0-41AA-BBBD-7D0DBC9B7418}.Release|Any CPU.Build.0 = Release|Any CPU
		{42557DB4-BFC0-41AA-BBBD-7D0DBC9B7418}.Release|x64.ActiveCfg = Release|Any CPU
		{42557DB4-BFC0-41AA-BBBD-7D0DBC9B7418}.Release|x64.Build.0 = Release|Any CPU
		{42557DB4-BFC0-41AA-BBBD-7D0DBC9B7418}.Release|x86.ActiveCfg = Release|Any CPU
		{42557DB4-BFC0-41AA-BBBD-7D0DBC9B7418}.Release|x86.Build.0 = Release|Any CPU
		{0EAC6CA4-F3D5-4270-AC51-29ED2A239323}.Debug|Any CPU.ActiveCfg = Debug|Any CPU
		{0EAC6CA4-F3D5-4270-AC51-29ED2A239323}.Debug|Any CPU.Build.0 = Debug|Any CPU
		{0EAC6CA4-F3D5-4270-AC51-29ED2A239323}.Debug|x64.ActiveCfg = Debug|Any CPU
		{0EAC6CA4-F3D5-4270-AC51-29ED2A239323}.Debug|x64.Build.0 = Debug|Any CPU
		{0EAC6CA4-F3D5-4270-AC51-29ED2A239323}.Debug|x86.ActiveCfg = Debug|Any CPU
		{0EAC6CA4-F3D5-4270-AC51-29ED2A239323}.Debug|x86.Build.0 = Debug|Any CPU
		{0EAC6CA4-F3D5-4270-AC51-29ED2A239323}.Release|Any CPU.ActiveCfg = Release|Any CPU
		{0EAC6CA4-F3D5-4270-AC51-29ED2A239323}.Release|Any CPU.Build.0 = Release|Any CPU
		{0EAC6CA4-F3D5-4270-AC51-29ED2A239323}.Release|x64.ActiveCfg = Release|Any CPU
		{0EAC6CA4-F3D5-4270-AC51-29ED2A239323}.Release|x64.Build.0 = Release|Any CPU
		{0EAC6CA4-F3D5-4270-AC51-29ED2A239323}.Release|x86.ActiveCfg = Release|Any CPU
		{0EAC6CA4-F3D5-4270-AC51-29ED2A239323}.Release|x86.Build.0 = Release|Any CPU
		{C2AEDFFA-1611-4980-83FE-4003E0E659AB}.Debug|Any CPU.ActiveCfg = Debug|Any CPU
		{C2AEDFFA-1611-4980-83FE-4003E0E659AB}.Debug|Any CPU.Build.0 = Debug|Any CPU
		{C2AEDFFA-1611-4980-83FE-4003E0E659AB}.Debug|x64.ActiveCfg = Debug|Any CPU
		{C2AEDFFA-1611-4980-83FE-4003E0E659AB}.Debug|x64.Build.0 = Debug|Any CPU
		{C2AEDFFA-1611-4980-83FE-4003E0E659AB}.Debug|x86.ActiveCfg = Debug|Any CPU
		{C2AEDFFA-1611-4980-83FE-4003E0E659AB}.Debug|x86.Build.0 = Debug|Any CPU
		{C2AEDFFA-1611-4980-83FE-4003E0E659AB}.Release|Any CPU.ActiveCfg = Release|Any CPU
		{C2AEDFFA-1611-4980-83FE-4003E0E659AB}.Release|Any CPU.Build.0 = Release|Any CPU
		{C2AEDFFA-1611-4980-83FE-4003E0E659AB}.Release|x64.ActiveCfg = Release|Any CPU
		{C2AEDFFA-1611-4980-83FE-4003E0E659AB}.Release|x64.Build.0 = Release|Any CPU
		{C2AEDFFA-1611-4980-83FE-4003E0E659AB}.Release|x86.ActiveCfg = Release|Any CPU
		{C2AEDFFA-1611-4980-83FE-4003E0E659AB}.Release|x86.Build.0 = Release|Any CPU
		{63CA1511-2236-4FEE-A99F-10CD18ED68F8}.Debug|Any CPU.ActiveCfg = Debug|Any CPU
		{63CA1511-2236-4FEE-A99F-10CD18ED68F8}.Debug|Any CPU.Build.0 = Debug|Any CPU
		{63CA1511-2236-4FEE-A99F-10CD18ED68F8}.Debug|x64.ActiveCfg = Debug|Any CPU
		{63CA1511-2236-4FEE-A99F-10CD18ED68F8}.Debug|x64.Build.0 = Debug|Any CPU
		{63CA1511-2236-4FEE-A99F-10CD18ED68F8}.Debug|x86.ActiveCfg = Debug|Any CPU
		{63CA1511-2236-4FEE-A99F-10CD18ED68F8}.Debug|x86.Build.0 = Debug|Any CPU
		{63CA1511-2236-4FEE-A99F-10CD18ED68F8}.Release|Any CPU.ActiveCfg = Release|Any CPU
		{63CA1511-2236-4FEE-A99F-10CD18ED68F8}.Release|Any CPU.Build.0 = Release|Any CPU
		{63CA1511-2236-4FEE-A99F-10CD18ED68F8}.Release|x64.ActiveCfg = Release|Any CPU
		{63CA1511-2236-4FEE-A99F-10CD18ED68F8}.Release|x64.Build.0 = Release|Any CPU
		{63CA1511-2236-4FEE-A99F-10CD18ED68F8}.Release|x86.ActiveCfg = Release|Any CPU
		{63CA1511-2236-4FEE-A99F-10CD18ED68F8}.Release|x86.Build.0 = Release|Any CPU
		{8CD043A5-6D8B-4528-AA84-054620B36D5D}.Debug|Any CPU.ActiveCfg = Debug|Any CPU
		{8CD043A5-6D8B-4528-AA84-054620B36D5D}.Debug|Any CPU.Build.0 = Debug|Any CPU
		{8CD043A5-6D8B-4528-AA84-054620B36D5D}.Debug|x64.ActiveCfg = Debug|Any CPU
		{8CD043A5-6D8B-4528-AA84-054620B36D5D}.Debug|x64.Build.0 = Debug|Any CPU
		{8CD043A5-6D8B-4528-AA84-054620B36D5D}.Debug|x86.ActiveCfg = Debug|Any CPU
		{8CD043A5-6D8B-4528-AA84-054620B36D5D}.Debug|x86.Build.0 = Debug|Any CPU
		{8CD043A5-6D8B-4528-AA84-054620B36D5D}.Release|Any CPU.ActiveCfg = Release|Any CPU
		{8CD043A5-6D8B-4528-AA84-054620B36D5D}.Release|Any CPU.Build.0 = Release|Any CPU
		{8CD043A5-6D8B-4528-AA84-054620B36D5D}.Release|x64.ActiveCfg = Release|Any CPU
		{8CD043A5-6D8B-4528-AA84-054620B36D5D}.Release|x64.Build.0 = Release|Any CPU
		{8CD043A5-6D8B-4528-AA84-054620B36D5D}.Release|x86.ActiveCfg = Release|Any CPU
		{8CD043A5-6D8B-4528-AA84-054620B36D5D}.Release|x86.Build.0 = Release|Any CPU
		{6F265064-4A37-4F00-B260-43CEB3DAB9C2}.Debug|Any CPU.ActiveCfg = Debug|Any CPU
		{6F265064-4A37-4F00-B260-43CEB3DAB9C2}.Debug|Any CPU.Build.0 = Debug|Any CPU
		{6F265064-4A37-4F00-B260-43CEB3DAB9C2}.Debug|x64.ActiveCfg = Debug|Any CPU
		{6F265064-4A37-4F00-B260-43CEB3DAB9C2}.Debug|x64.Build.0 = Debug|Any CPU
		{6F265064-4A37-4F00-B260-43CEB3DAB9C2}.Debug|x86.ActiveCfg = Debug|Any CPU
		{6F265064-4A37-4F00-B260-43CEB3DAB9C2}.Debug|x86.Build.0 = Debug|Any CPU
		{6F265064-4A37-4F00-B260-43CEB3DAB9C2}.Release|Any CPU.ActiveCfg = Release|Any CPU
		{6F265064-4A37-4F00-B260-43CEB3DAB9C2}.Release|Any CPU.Build.0 = Release|Any CPU
		{6F265064-4A37-4F00-B260-43CEB3DAB9C2}.Release|x64.ActiveCfg = Release|Any CPU
		{6F265064-4A37-4F00-B260-43CEB3DAB9C2}.Release|x64.Build.0 = Release|Any CPU
		{6F265064-4A37-4F00-B260-43CEB3DAB9C2}.Release|x86.ActiveCfg = Release|Any CPU
		{6F265064-4A37-4F00-B260-43CEB3DAB9C2}.Release|x86.Build.0 = Release|Any CPU
		{FD59330F-B0CC-4BD8-A0CA-C20B376969BE}.Debug|Any CPU.ActiveCfg = Debug|Any CPU
		{FD59330F-B0CC-4BD8-A0CA-C20B376969BE}.Debug|Any CPU.Build.0 = Debug|Any CPU
		{FD59330F-B0CC-4BD8-A0CA-C20B376969BE}.Debug|x64.ActiveCfg = Debug|Any CPU
		{FD59330F-B0CC-4BD8-A0CA-C20B376969BE}.Debug|x64.Build.0 = Debug|Any CPU
		{FD59330F-B0CC-4BD8-A0CA-C20B376969BE}.Debug|x86.ActiveCfg = Debug|Any CPU
		{FD59330F-B0CC-4BD8-A0CA-C20B376969BE}.Debug|x86.Build.0 = Debug|Any CPU
		{FD59330F-B0CC-4BD8-A0CA-C20B376969BE}.Release|Any CPU.ActiveCfg = Debug|Any CPU
		{FD59330F-B0CC-4BD8-A0CA-C20B376969BE}.Release|Any CPU.Build.0 = Debug|Any CPU
		{FD59330F-B0CC-4BD8-A0CA-C20B376969BE}.Release|x64.ActiveCfg = Debug|Any CPU
		{FD59330F-B0CC-4BD8-A0CA-C20B376969BE}.Release|x64.Build.0 = Debug|Any CPU
		{FD59330F-B0CC-4BD8-A0CA-C20B376969BE}.Release|x86.ActiveCfg = Debug|Any CPU
		{FD59330F-B0CC-4BD8-A0CA-C20B376969BE}.Release|x86.Build.0 = Debug|Any CPU
		{FA1E8BB6-3E06-439D-B23C-1DE94AD3AD59}.Debug|Any CPU.ActiveCfg = Debug|Any CPU
		{FA1E8BB6-3E06-439D-B23C-1DE94AD3AD59}.Debug|Any CPU.Build.0 = Debug|Any CPU
		{FA1E8BB6-3E06-439D-B23C-1DE94AD3AD59}.Debug|x64.ActiveCfg = Debug|Any CPU
		{FA1E8BB6-3E06-439D-B23C-1DE94AD3AD59}.Debug|x64.Build.0 = Debug|Any CPU
		{FA1E8BB6-3E06-439D-B23C-1DE94AD3AD59}.Debug|x86.ActiveCfg = Debug|Any CPU
		{FA1E8BB6-3E06-439D-B23C-1DE94AD3AD59}.Debug|x86.Build.0 = Debug|Any CPU
		{FA1E8BB6-3E06-439D-B23C-1DE94AD3AD59}.Release|Any CPU.ActiveCfg = Release|Any CPU
		{FA1E8BB6-3E06-439D-B23C-1DE94AD3AD59}.Release|Any CPU.Build.0 = Release|Any CPU
		{FA1E8BB6-3E06-439D-B23C-1DE94AD3AD59}.Release|x64.ActiveCfg = Release|Any CPU
		{FA1E8BB6-3E06-439D-B23C-1DE94AD3AD59}.Release|x64.Build.0 = Release|Any CPU
		{FA1E8BB6-3E06-439D-B23C-1DE94AD3AD59}.Release|x86.ActiveCfg = Release|Any CPU
		{FA1E8BB6-3E06-439D-B23C-1DE94AD3AD59}.Release|x86.Build.0 = Release|Any CPU
		{4297E151-3649-4D9F-AAAD-1C84E3FCCDAD}.Debug|Any CPU.ActiveCfg = Debug|Any CPU
		{4297E151-3649-4D9F-AAAD-1C84E3FCCDAD}.Debug|Any CPU.Build.0 = Debug|Any CPU
		{4297E151-3649-4D9F-AAAD-1C84E3FCCDAD}.Debug|x64.ActiveCfg = Debug|Any CPU
		{4297E151-3649-4D9F-AAAD-1C84E3FCCDAD}.Debug|x64.Build.0 = Debug|Any CPU
		{4297E151-3649-4D9F-AAAD-1C84E3FCCDAD}.Debug|x86.ActiveCfg = Debug|Any CPU
		{4297E151-3649-4D9F-AAAD-1C84E3FCCDAD}.Debug|x86.Build.0 = Debug|Any CPU
		{4297E151-3649-4D9F-AAAD-1C84E3FCCDAD}.Release|Any CPU.ActiveCfg = Release|Any CPU
		{4297E151-3649-4D9F-AAAD-1C84E3FCCDAD}.Release|Any CPU.Build.0 = Release|Any CPU
		{4297E151-3649-4D9F-AAAD-1C84E3FCCDAD}.Release|x64.ActiveCfg = Release|Any CPU
		{4297E151-3649-4D9F-AAAD-1C84E3FCCDAD}.Release|x64.Build.0 = Release|Any CPU
		{4297E151-3649-4D9F-AAAD-1C84E3FCCDAD}.Release|x86.ActiveCfg = Release|Any CPU
		{4297E151-3649-4D9F-AAAD-1C84E3FCCDAD}.Release|x86.Build.0 = Release|Any CPU
		{4B468734-1EAC-42B1-8F39-135342ADDCE1}.Debug|Any CPU.ActiveCfg = Debug|Any CPU
		{4B468734-1EAC-42B1-8F39-135342ADDCE1}.Debug|Any CPU.Build.0 = Debug|Any CPU
		{4B468734-1EAC-42B1-8F39-135342ADDCE1}.Debug|x64.ActiveCfg = Debug|Any CPU
		{4B468734-1EAC-42B1-8F39-135342ADDCE1}.Debug|x64.Build.0 = Debug|Any CPU
		{4B468734-1EAC-42B1-8F39-135342ADDCE1}.Debug|x86.ActiveCfg = Debug|Any CPU
		{4B468734-1EAC-42B1-8F39-135342ADDCE1}.Debug|x86.Build.0 = Debug|Any CPU
		{4B468734-1EAC-42B1-8F39-135342ADDCE1}.Release|Any CPU.ActiveCfg = Release|Any CPU
		{4B468734-1EAC-42B1-8F39-135342ADDCE1}.Release|Any CPU.Build.0 = Release|Any CPU
		{4B468734-1EAC-42B1-8F39-135342ADDCE1}.Release|x64.ActiveCfg = Release|Any CPU
		{4B468734-1EAC-42B1-8F39-135342ADDCE1}.Release|x64.Build.0 = Release|Any CPU
		{4B468734-1EAC-42B1-8F39-135342ADDCE1}.Release|x86.ActiveCfg = Release|Any CPU
		{4B468734-1EAC-42B1-8F39-135342ADDCE1}.Release|x86.Build.0 = Release|Any CPU
		{64869F1C-7168-4A21-83C7-D8368F7B7EA9}.Debug|Any CPU.ActiveCfg = Debug|Any CPU
		{64869F1C-7168-4A21-83C7-D8368F7B7EA9}.Debug|Any CPU.Build.0 = Debug|Any CPU
		{64869F1C-7168-4A21-83C7-D8368F7B7EA9}.Debug|x64.ActiveCfg = Debug|Any CPU
		{64869F1C-7168-4A21-83C7-D8368F7B7EA9}.Debug|x64.Build.0 = Debug|Any CPU
		{64869F1C-7168-4A21-83C7-D8368F7B7EA9}.Debug|x86.ActiveCfg = Debug|Any CPU
		{64869F1C-7168-4A21-83C7-D8368F7B7EA9}.Debug|x86.Build.0 = Debug|Any CPU
		{64869F1C-7168-4A21-83C7-D8368F7B7EA9}.Release|Any CPU.ActiveCfg = Release|Any CPU
		{64869F1C-7168-4A21-83C7-D8368F7B7EA9}.Release|Any CPU.Build.0 = Release|Any CPU
		{64869F1C-7168-4A21-83C7-D8368F7B7EA9}.Release|x64.ActiveCfg = Release|Any CPU
		{64869F1C-7168-4A21-83C7-D8368F7B7EA9}.Release|x64.Build.0 = Release|Any CPU
		{64869F1C-7168-4A21-83C7-D8368F7B7EA9}.Release|x86.ActiveCfg = Release|Any CPU
		{64869F1C-7168-4A21-83C7-D8368F7B7EA9}.Release|x86.Build.0 = Release|Any CPU
		{634F2E69-3DB6-4C2D-8CE5-29F8253B7DBC}.Debug|Any CPU.ActiveCfg = Debug|Any CPU
		{634F2E69-3DB6-4C2D-8CE5-29F8253B7DBC}.Debug|Any CPU.Build.0 = Debug|Any CPU
		{634F2E69-3DB6-4C2D-8CE5-29F8253B7DBC}.Debug|x64.ActiveCfg = Debug|Any CPU
		{634F2E69-3DB6-4C2D-8CE5-29F8253B7DBC}.Debug|x64.Build.0 = Debug|Any CPU
		{634F2E69-3DB6-4C2D-8CE5-29F8253B7DBC}.Debug|x86.ActiveCfg = Debug|Any CPU
		{634F2E69-3DB6-4C2D-8CE5-29F8253B7DBC}.Debug|x86.Build.0 = Debug|Any CPU
		{634F2E69-3DB6-4C2D-8CE5-29F8253B7DBC}.Release|Any CPU.ActiveCfg = Release|Any CPU
		{634F2E69-3DB6-4C2D-8CE5-29F8253B7DBC}.Release|Any CPU.Build.0 = Release|Any CPU
		{634F2E69-3DB6-4C2D-8CE5-29F8253B7DBC}.Release|x64.ActiveCfg = Release|Any CPU
		{634F2E69-3DB6-4C2D-8CE5-29F8253B7DBC}.Release|x64.Build.0 = Release|Any CPU
		{634F2E69-3DB6-4C2D-8CE5-29F8253B7DBC}.Release|x86.ActiveCfg = Release|Any CPU
		{634F2E69-3DB6-4C2D-8CE5-29F8253B7DBC}.Release|x86.Build.0 = Release|Any CPU
		{52E2B9D5-6083-48F8-A1C5-2EFB433516FA}.Debug|Any CPU.ActiveCfg = Debug|Any CPU
		{52E2B9D5-6083-48F8-A1C5-2EFB433516FA}.Debug|Any CPU.Build.0 = Debug|Any CPU
		{52E2B9D5-6083-48F8-A1C5-2EFB433516FA}.Debug|x64.ActiveCfg = Debug|Any CPU
		{52E2B9D5-6083-48F8-A1C5-2EFB433516FA}.Debug|x64.Build.0 = Debug|Any CPU
		{52E2B9D5-6083-48F8-A1C5-2EFB433516FA}.Debug|x86.ActiveCfg = Debug|Any CPU
		{52E2B9D5-6083-48F8-A1C5-2EFB433516FA}.Debug|x86.Build.0 = Debug|Any CPU
		{52E2B9D5-6083-48F8-A1C5-2EFB433516FA}.Release|Any CPU.ActiveCfg = Release|Any CPU
		{52E2B9D5-6083-48F8-A1C5-2EFB433516FA}.Release|Any CPU.Build.0 = Release|Any CPU
		{52E2B9D5-6083-48F8-A1C5-2EFB433516FA}.Release|x64.ActiveCfg = Release|Any CPU
		{52E2B9D5-6083-48F8-A1C5-2EFB433516FA}.Release|x64.Build.0 = Release|Any CPU
		{52E2B9D5-6083-48F8-A1C5-2EFB433516FA}.Release|x86.ActiveCfg = Release|Any CPU
		{52E2B9D5-6083-48F8-A1C5-2EFB433516FA}.Release|x86.Build.0 = Release|Any CPU
	EndGlobalSection
	GlobalSection(SolutionProperties) = preSolution
		HideSolutionNode = FALSE
	EndGlobalSection
	GlobalSection(ExtensibilityGlobals) = postSolution
		SolutionGuid = {60D44794-85C5-4444-9E84-D6A35BEAC28C}
	EndGlobalSection
EndGlobal
